
Microsoft Visual Studio Solution File, Format Version 12.00
# Visual Studio Version 17
VisualStudioVersion = 17.6.33723.286
MinimumVisualStudioVersion = 10.0.40219.1
Project("{FAE04EC0-301F-11D3-BF4B-00C04F79EFBC}") = "Api", "Api\Api.csproj", "{D0D33A3F-171D-4202-A7AC-BCE3F8DA28A4}"
EndProject
Project("{FAE04EC0-301F-11D3-BF4B-00C04F79EFBC}") = "DB", "DB\DB.csproj", "{0EA9E6AD-B12B-4242-95C0-E064A05212CD}"
EndProject
Project("{FAE04EC0-301F-11D3-BF4B-00C04F79EFBC}") = "Domain", "Domain\Domain.csproj", "{EA73AB93-A243-475B-B3A2-0F23411BD4F1}"
EndProject
Project("{2150E333-8FDC-42A3-9474-1A3956D46DE8}") = "Core", "Core", "{6BBF5E18-96C5-4B5F-B046-3917F545527F}"
EndProject
Project("{2150E333-8FDC-42A3-9474-1A3956D46DE8}") = "Presentation", "Presentation", "{38DF3D64-14A6-4368-AACD-2364AD3EFCEC}"
EndProject
Project("{FAE04EC0-301F-11D3-BF4B-00C04F79EFBC}") = "Shared", "Shared\Shared.csproj", "{8D41DD10-CA36-41DA-B491-145833572145}"
EndProject
Project("{FAE04EC0-301F-11D3-BF4B-00C04F79EFBC}") = "Interfaces", "Interfaces\Interfaces.csproj", "{98723B2B-1FA0-449E-A90C-2CCE8B5F4D21}"
EndProject
Project("{FAE04EC0-301F-11D3-BF4B-00C04F79EFBC}") = "ApplicationServices", "ApplicationServices\ApplicationServices.csproj", "{B104103B-E4FC-405D-8E4D-123164B1B687}"
EndProject
Project("{2150E333-8FDC-42A3-9474-1A3956D46DE8}") = "Infrastructure", "Infrastructure", "{ED3BD1C8-FC46-432B-8973-A6381BD5AD04}"
EndProject
Project("{2150E333-8FDC-42A3-9474-1A3956D46DE8}") = "Utilities", "Utilities", "{5F6A27A3-553F-4C78-A1A2-6B8B5D48160C}"
EndProject
Project("{FAE04EC0-301F-11D3-BF4B-00C04F79EFBC}") = "Utility", "Utility\Utility.csproj", "{D36492F6-6BC8-431C-A74B-094C46A68D8B}"
EndProject
Global
	GlobalSection(SolutionConfigurationPlatforms) = preSolution
		Debug|Any CPU = Debug|Any CPU
		Release|Any CPU = Release|Any CPU
	EndGlobalSection
	GlobalSection(ProjectConfigurationPlatforms) = postSolution
		{D0D33A3F-171D-4202-A7AC-BCE3F8DA28A4}.Debug|Any CPU.ActiveCfg = Debug|Any CPU
		{D0D33A3F-171D-4202-A7AC-BCE3F8DA28A4}.Debug|Any CPU.Build.0 = Debug|Any CPU
		{D0D33A3F-171D-4202-A7AC-BCE3F8DA28A4}.Release|Any CPU.ActiveCfg = Release|Any CPU
		{D0D33A3F-171D-4202-A7AC-BCE3F8DA28A4}.Release|Any CPU.Build.0 = Release|Any CPU
		{0EA9E6AD-B12B-4242-95C0-E064A05212CD}.Debug|Any CPU.ActiveCfg = Debug|Any CPU
		{0EA9E6AD-B12B-4242-95C0-E064A05212CD}.Debug|Any CPU.Build.0 = Debug|Any CPU
		{0EA9E6AD-B12B-4242-95C0-E064A05212CD}.Release|Any CPU.ActiveCfg = Release|Any CPU
		{0EA9E6AD-B12B-4242-95C0-E064A05212CD}.Release|Any CPU.Build.0 = Release|Any CPU
		{EA73AB93-A243-475B-B3A2-0F23411BD4F1}.Debug|Any CPU.ActiveCfg = Debug|Any CPU
		{EA73AB93-A243-475B-B3A2-0F23411BD4F1}.Debug|Any CPU.Build.0 = Debug|Any CPU
		{EA73AB93-A243-475B-B3A2-0F23411BD4F1}.Release|Any CPU.ActiveCfg = Release|Any CPU
		{EA73AB93-A243-475B-B3A2-0F23411BD4F1}.Release|Any CPU.Build.0 = Release|Any CPU
		{8D41DD10-CA36-41DA-B491-145833572145}.Debug|Any CPU.ActiveCfg = Debug|Any CPU
		{8D41DD10-CA36-41DA-B491-145833572145}.Debug|Any CPU.Build.0 = Debug|Any CPU
		{8D41DD10-CA36-41DA-B491-145833572145}.Release|Any CPU.ActiveCfg = Release|Any CPU
		{8D41DD10-CA36-41DA-B491-145833572145}.Release|Any CPU.Build.0 = Release|Any CPU
		{98723B2B-1FA0-449E-A90C-2CCE8B5F4D21}.Debug|Any CPU.ActiveCfg = Debug|Any CPU
		{98723B2B-1FA0-449E-A90C-2CCE8B5F4D21}.Debug|Any CPU.Build.0 = Debug|Any CPU
		{98723B2B-1FA0-449E-A90C-2CCE8B5F4D21}.Release|Any CPU.ActiveCfg = Release|Any CPU
		{98723B2B-1FA0-449E-A90C-2CCE8B5F4D21}.Release|Any CPU.Build.0 = Release|Any CPU
		{B104103B-E4FC-405D-8E4D-123164B1B687}.Debug|Any CPU.ActiveCfg = Debug|Any CPU
		{B104103B-E4FC-405D-8E4D-123164B1B687}.Debug|Any CPU.Build.0 = Debug|Any CPU
		{B104103B-E4FC-405D-8E4D-123164B1B687}.Release|Any CPU.ActiveCfg = Release|Any CPU
		{B104103B-E4FC-405D-8E4D-123164B1B687}.Release|Any CPU.Build.0 = Release|Any CPU
		{D36492F6-6BC8-431C-A74B-094C46A68D8B}.Debug|Any CPU.ActiveCfg = Debug|Any CPU
		{D36492F6-6BC8-431C-A74B-094C46A68D8B}.Debug|Any CPU.Build.0 = Debug|Any CPU
		{D36492F6-6BC8-431C-A74B-094C46A68D8B}.Release|Any CPU.ActiveCfg = Release|Any CPU
		{D36492F6-6BC8-431C-A74B-094C46A68D8B}.Release|Any CPU.Build.0 = Release|Any CPU
	EndGlobalSection
	GlobalSection(SolutionProperties) = preSolution
		HideSolutionNode = FALSE
	EndGlobalSection
	GlobalSection(NestedProjects) = preSolution
		{D0D33A3F-171D-4202-A7AC-BCE3F8DA28A4} = {38DF3D64-14A6-4368-AACD-2364AD3EFCEC}
		{0EA9E6AD-B12B-4242-95C0-E064A05212CD} = {6BBF5E18-96C5-4B5F-B046-3917F545527F}
		{EA73AB93-A243-475B-B3A2-0F23411BD4F1} = {6BBF5E18-96C5-4B5F-B046-3917F545527F}
		{8D41DD10-CA36-41DA-B491-145833572145} = {ED3BD1C8-FC46-432B-8973-A6381BD5AD04}
		{98723B2B-1FA0-449E-A90C-2CCE8B5F4D21} = {ED3BD1C8-FC46-432B-8973-A6381BD5AD04}
		{B104103B-E4FC-405D-8E4D-123164B1B687} = {ED3BD1C8-FC46-432B-8973-A6381BD5AD04}
		{D36492F6-6BC8-431C-A74B-094C46A68D8B} = {5F6A27A3-553F-4C78-A1A2-6B8B5D48160C}
	EndGlobalSection
	GlobalSection(ExtensibilityGlobals) = postSolution
		SolutionGuid = {CDF7B309-5D48-4FF4-AE7B-6C8D5BE46C96}
	EndGlobalSection
EndGlobal
